
Microsoft Visual Studio Solution File, Format Version 12.00
# Visual Studio Version 17
VisualStudioVersion = 17.14.36518.9 d17.14
MinimumVisualStudioVersion = 10.0.40219.1
Project("{FAE04EC0-301F-11D3-BF4B-00C04F79EFBC}") = "UnitConversion.API", "UnitConversion.API\UnitConversion.API.csproj", "{73376AEC-F6BA-4891-8974-16BED3EBAFF3}"
EndProject
Global
	GlobalSection(SolutionConfigurationPlatforms) = preSolution
		Debug|Any CPU = Debug|Any CPU
		Release|Any CPU = Release|Any CPU
	EndGlobalSection
	GlobalSection(ProjectConfigurationPlatforms) = postSolution
		{73376AEC-F6BA-4891-8974-16BED3EBAFF3}.Debug|Any CPU.ActiveCfg = Debug|Any CPU
		{73376AEC-F6BA-4891-8974-16BED3EBAFF3}.Debug|Any CPU.Build.0 = Debug|Any CPU
		{73376AEC-F6BA-4891-8974-16BED3EBAFF3}.Release|Any CPU.ActiveCfg = Release|Any CPU
		{73376AEC-F6BA-4891-8974-16BED3EBAFF3}.Release|Any CPU.Build.0 = Release|Any CPU
	EndGlobalSection
	GlobalSection(SolutionProperties) = preSolution
		HideSolutionNode = FALSE
	EndGlobalSection
	GlobalSection(ExtensibilityGlobals) = postSolution
		SolutionGuid = {E5694FCA-C282-45DE-9CB4-D74818A7F113}
	EndGlobalSection
EndGlobal
